
Microsoft Visual Studio Solution File, Format Version 12.00
# Visual Studio Version 16
VisualStudioVersion = 16.0.29409.12
MinimumVisualStudioVersion = 10.0.40219.1
Project("{F2A71F9B-5D33-465A-A702-920D77279786}") = "F-SharpConsoleApps", "F-SharpConsoleApps\F-SharpConsoleApps.fsproj", "{5EE72084-8BA5-4420-8969-96BFA2FBD35E}"
EndProject
Project("{F2A71F9B-5D33-465A-A702-920D77279786}") = "HelloWorld", "HelloWorld\HelloWorld.fsproj", "{89F3DEBB-04E9-4856-B005-602BF29BA22B}"
EndProject
Project("{F2A71F9B-5D33-465A-A702-920D77279786}") = "HighLowGuess", "HighLowGuess\HighLowGuess.fsproj", "{FCBD0156-4DFA-48C7-A60F-BD0B112CADC3}"
EndProject
Global
	GlobalSection(SolutionConfigurationPlatforms) = preSolution
		Debug|Any CPU = Debug|Any CPU
		Release|Any CPU = Release|Any CPU
	EndGlobalSection
	GlobalSection(ProjectConfigurationPlatforms) = postSolution
		{5EE72084-8BA5-4420-8969-96BFA2FBD35E}.Debug|Any CPU.ActiveCfg = Debug|Any CPU
		{5EE72084-8BA5-4420-8969-96BFA2FBD35E}.Debug|Any CPU.Build.0 = Debug|Any CPU
		{5EE72084-8BA5-4420-8969-96BFA2FBD35E}.Release|Any CPU.ActiveCfg = Release|Any CPU
		{5EE72084-8BA5-4420-8969-96BFA2FBD35E}.Release|Any CPU.Build.0 = Release|Any CPU
		{89F3DEBB-04E9-4856-B005-602BF29BA22B}.Debug|Any CPU.ActiveCfg = Debug|Any CPU
		{89F3DEBB-04E9-4856-B005-602BF29BA22B}.Debug|Any CPU.Build.0 = Debug|Any CPU
		{89F3DEBB-04E9-4856-B005-602BF29BA22B}.Release|Any CPU.ActiveCfg = Release|Any CPU
		{89F3DEBB-04E9-4856-B005-602BF29BA22B}.Release|Any CPU.Build.0 = Release|Any CPU
		{FCBD0156-4DFA-48C7-A60F-BD0B112CADC3}.Debug|Any CPU.ActiveCfg = Debug|Any CPU
		{FCBD0156-4DFA-48C7-A60F-BD0B112CADC3}.Debug|Any CPU.Build.0 = Debug|Any CPU
		{FCBD0156-4DFA-48C7-A60F-BD0B112CADC3}.Release|Any CPU.ActiveCfg = Release|Any CPU
		{FCBD0156-4DFA-48C7-A60F-BD0B112CADC3}.Release|Any CPU.Build.0 = Release|Any CPU
	EndGlobalSection
	GlobalSection(SolutionProperties) = preSolution
		HideSolutionNode = FALSE
	EndGlobalSection
	GlobalSection(ExtensibilityGlobals) = postSolution
		SolutionGuid = {86C22529-94DE-4C1B-A541-179D3E2297AD}
	EndGlobalSection
EndGlobal
